
Microsoft Visual Studio Solution File, Format Version 12.00
# Visual Studio Version 17
VisualStudioVersion = 17.7.34221.43
MinimumVisualStudioVersion = 10.0.40219.1
Project("{FAE04EC0-301F-11D3-BF4B-00C04F79EFBC}") = "DistribucionPolitica_R", "DistribucionPolitica_R\DistribucionPolitica_R.csproj", "{68EB2EC2-EB23-426D-A671-3795B57E508D}"
EndProject
Global
	GlobalSection(SolutionConfigurationPlatforms) = preSolution
		Debug|Any CPU = Debug|Any CPU
		Release|Any CPU = Release|Any CPU
	EndGlobalSection
	GlobalSection(ProjectConfigurationPlatforms) = postSolution
		{68EB2EC2-EB23-426D-A671-3795B57E508D}.Debug|Any CPU.ActiveCfg = Debug|Any CPU
		{68EB2EC2-EB23-426D-A671-3795B57E508D}.Debug|Any CPU.Build.0 = Debug|Any CPU
		{68EB2EC2-EB23-426D-A671-3795B57E508D}.Release|Any CPU.ActiveCfg = Release|Any CPU
		{68EB2EC2-EB23-426D-A671-3795B57E508D}.Release|Any CPU.Build.0 = Release|Any CPU
	EndGlobalSection
	GlobalSection(SolutionProperties) = preSolution
		HideSolutionNode = FALSE
	EndGlobalSection
	GlobalSection(ExtensibilityGlobals) = postSolution
		SolutionGuid = {A4E0039D-1170-476B-84A7-CC16C7FD21DB}
	EndGlobalSection
EndGlobal
